
Microsoft Visual Studio Solution File, Format Version 12.00
# Visual Studio Version 16
VisualStudioVersion = 16.0.31019.35
MinimumVisualStudioVersion = 10.0.40219.1
Project("{2150E333-8FDC-42A3-9474-1A3956D46DE8}") = "tests", "tests", "{984FAF2F-2F6F-4755-88ED-5779BEBF3E90}"
EndProject
Project("{2150E333-8FDC-42A3-9474-1A3956D46DE8}") = "src", "src", "{5CAB2642-0A77-47A3-9A56-F59CB80AFA5C}"
EndProject
Project("{2150E333-8FDC-42A3-9474-1A3956D46DE8}") = "docs", "docs", "{1F8DE8E5-F99E-4F67-9F53-F1851218C9FB}"
EndProject
Project("{9A19103F-16F7-4668-BE54-9A1E7A4F7556}") = "Huan.DbSwitcher.Tests", "Huan.DbSwitcher.Tests\Huan.DbSwitcher.Tests.csproj", "{9D602D19-C055-40C2-B09A-451E34EAD3B6}"
EndProject
Project("{9A19103F-16F7-4668-BE54-9A1E7A4F7556}") = "Huan.DbSwitcher", "Huan.DbSwitcher\Huan.DbSwitcher.csproj", "{75C40480-5107-49DD-949C-C2BB7842FA25}"
EndProject
Project("{FAE04EC0-301F-11D3-BF4B-00C04F79EFBC}") = "Huan.DbSwitcher.FreeSqlStore", "Huan.DbSwitcher.FreeSqlStore\Huan.DbSwitcher.FreeSqlStore.csproj", "{37F2CBF2-DF45-4C09-A28F-E7E74427D4B6}"
EndProject
Project("{FAE04EC0-301F-11D3-BF4B-00C04F79EFBC}") = "Huan.DbSwitcher.MongoStore", "Huan.DbSwitcher.MongoStore\Huan.DbSwitcher.MongoStore.csproj", "{25A6C4C8-10A3-4542-96EA-57A23B3BB67E}"
EndProject
Project("{FAE04EC0-301F-11D3-BF4B-00C04F79EFBC}") = "Huan.DbSwitcher.SqlSugarStore", "Huan.DbSwitcher.SqlSugarStore\Huan.DbSwitcher.SqlSugarStore.csproj", "{1CE2E932-EF49-4E49-A5F1-DA5EFFC1F519}"
EndProject
Project("{FAE04EC0-301F-11D3-BF4B-00C04F79EFBC}") = "Huan.DbSwitcher.Store", "Huan.DbSwitcher.Store\Huan.DbSwitcher.Store.csproj", "{E1002521-D4DA-4BCD-8278-0CA149597B68}"
EndProject
Global
	GlobalSection(SolutionConfigurationPlatforms) = preSolution
		Debug|Any CPU = Debug|Any CPU
		Release|Any CPU = Release|Any CPU
	EndGlobalSection
	GlobalSection(ProjectConfigurationPlatforms) = postSolution
		{9D602D19-C055-40C2-B09A-451E34EAD3B6}.Debug|Any CPU.ActiveCfg = Debug|Any CPU
		{9D602D19-C055-40C2-B09A-451E34EAD3B6}.Debug|Any CPU.Build.0 = Debug|Any CPU
		{9D602D19-C055-40C2-B09A-451E34EAD3B6}.Release|Any CPU.ActiveCfg = Release|Any CPU
		{9D602D19-C055-40C2-B09A-451E34EAD3B6}.Release|Any CPU.Build.0 = Release|Any CPU
		{75C40480-5107-49DD-949C-C2BB7842FA25}.Debug|Any CPU.ActiveCfg = Debug|Any CPU
		{75C40480-5107-49DD-949C-C2BB7842FA25}.Debug|Any CPU.Build.0 = Debug|Any CPU
		{75C40480-5107-49DD-949C-C2BB7842FA25}.Release|Any CPU.ActiveCfg = Release|Any CPU
		{75C40480-5107-49DD-949C-C2BB7842FA25}.Release|Any CPU.Build.0 = Release|Any CPU
		{37F2CBF2-DF45-4C09-A28F-E7E74427D4B6}.Debug|Any CPU.ActiveCfg = Debug|Any CPU
		{37F2CBF2-DF45-4C09-A28F-E7E74427D4B6}.Debug|Any CPU.Build.0 = Debug|Any CPU
		{37F2CBF2-DF45-4C09-A28F-E7E74427D4B6}.Release|Any CPU.ActiveCfg = Release|Any CPU
		{37F2CBF2-DF45-4C09-A28F-E7E74427D4B6}.Release|Any CPU.Build.0 = Release|Any CPU
		{25A6C4C8-10A3-4542-96EA-57A23B3BB67E}.Debug|Any CPU.ActiveCfg = Debug|Any CPU
		{25A6C4C8-10A3-4542-96EA-57A23B3BB67E}.Debug|Any CPU.Build.0 = Debug|Any CPU
		{25A6C4C8-10A3-4542-96EA-57A23B3BB67E}.Release|Any CPU.ActiveCfg = Release|Any CPU
		{25A6C4C8-10A3-4542-96EA-57A23B3BB67E}.Release|Any CPU.Build.0 = Release|Any CPU
		{1CE2E932-EF49-4E49-A5F1-DA5EFFC1F519}.Debug|Any CPU.ActiveCfg = Debug|Any CPU
		{1CE2E932-EF49-4E49-A5F1-DA5EFFC1F519}.Debug|Any CPU.Build.0 = Debug|Any CPU
		{1CE2E932-EF49-4E49-A5F1-DA5EFFC1F519}.Release|Any CPU.ActiveCfg = Release|Any CPU
		{1CE2E932-EF49-4E49-A5F1-DA5EFFC1F519}.Release|Any CPU.Build.0 = Release|Any CPU
		{E1002521-D4DA-4BCD-8278-0CA149597B68}.Debug|Any CPU.ActiveCfg = Debug|Any CPU
		{E1002521-D4DA-4BCD-8278-0CA149597B68}.Debug|Any CPU.Build.0 = Debug|Any CPU
		{E1002521-D4DA-4BCD-8278-0CA149597B68}.Release|Any CPU.ActiveCfg = Release|Any CPU
		{E1002521-D4DA-4BCD-8278-0CA149597B68}.Release|Any CPU.Build.0 = Release|Any CPU
	EndGlobalSection
	GlobalSection(SolutionProperties) = preSolution
		HideSolutionNode = FALSE
	EndGlobalSection
	GlobalSection(NestedProjects) = preSolution
		{9D602D19-C055-40C2-B09A-451E34EAD3B6} = {984FAF2F-2F6F-4755-88ED-5779BEBF3E90}
		{75C40480-5107-49DD-949C-C2BB7842FA25} = {5CAB2642-0A77-47A3-9A56-F59CB80AFA5C}
		{37F2CBF2-DF45-4C09-A28F-E7E74427D4B6} = {5CAB2642-0A77-47A3-9A56-F59CB80AFA5C}
		{25A6C4C8-10A3-4542-96EA-57A23B3BB67E} = {5CAB2642-0A77-47A3-9A56-F59CB80AFA5C}
		{1CE2E932-EF49-4E49-A5F1-DA5EFFC1F519} = {5CAB2642-0A77-47A3-9A56-F59CB80AFA5C}
		{E1002521-D4DA-4BCD-8278-0CA149597B68} = {5CAB2642-0A77-47A3-9A56-F59CB80AFA5C}
	EndGlobalSection
	GlobalSection(ExtensibilityGlobals) = postSolution
		SolutionGuid = {10B0BCF9-5BEB-48D2-90BA-9A4AA6D1342E}
	EndGlobalSection
EndGlobal
